{
    "_meta": {
        "hash": {
            "sha256": "9271b2a635507e62826e0794eea24d9c1527ac0656e2a1b7578a28c02f50bb43"
        },
        "pipfile-spec": 6,
        "requires": {
            "python_version": "3.4"
        },
        "sources": [
            {
                "name": "pypi",
                "url": "https://pypi.org/simple",
                "verify_ssl": true
            }
        ]
    },
    "default": {
        "alembic": {
            "hashes": [
                "sha256:4e02ed2aa796bd179965041afa092c55b51fb077de19d61835673cc80672c01c",
                "sha256:5334f32314fb2a56d86b4c4dd1ae34b08c03cae4cb888bc699942104d66bc245"
            ],
            "version": "==1.4.3"
        },
        "bcolz": {
            "hashes": [
                "sha256:a8dafa42cd4f3ca130ecb81f7e778204a12c2180c18fd570ef753de58ee7ddbd"
            ],
            "version": "==0.12.1"
        },
        "bottleneck": {
            "hashes": [
                "sha256:20179f0b66359792ea283b69aa16366419132f3b6cf3adadc0c48e2e8118e573"
            ],
            "version": "==1.3.2"
        },
        "certifi": {
            "hashes": [
                "sha256:1a4995114262bffbc2413b159f2a1a480c969de6e6eb13ee966d470af86af59c",
                "sha256:719a74fb9e33b9bd44cc7f3a8d94bc35e4049deebe19ba7d8e108280cfd59830"
            ],
            "version": "==2020.12.5"
        },
        "chardet": {
            "hashes": [
                "sha256:0d6f53a15db4120f2b08c94f11e7d93d2c911ee118b6b30a04ec3ee8310179fa",
                "sha256:f864054d66fd9118f2e67044ac8981a54775ec5b67aed0441892edb553d21da5"
            ],
            "version": "==4.0.0"
        },
        "click": {
            "hashes": [
                "sha256:d2b5255c7c6349bc1bd1e59e08cd12acbbd63ce649f2588755783aa94dfb6b1a",
                "sha256:dacca89f4bfadd5de3d7489b7c8a566eee0d3676333fbb50030263894c38c0dc"
            ],
            "version": "==7.1.2"
        },
        "contextlib2": {
            "hashes": [
                "sha256:01f490098c18b19d2bd5bb5dc445b2054d2fa97f09a4280ba2c5f3c394c8162e",
                "sha256:3355078a159fbb44ee60ea80abd0d87b80b78c248643b49aa6d94673b413609b"
            ],
            "version": "==0.6.0.post1"
        },
        "cyordereddict": {
            "hashes": [
                "sha256:d9b2c31796999770801a9a49403b8cb49510ecb64e5d1e9d4763ed44f2d5a76e"
            ],
            "version": "==1.0.0"
        },
        "cython": {
            "hashes": [
                "sha256:0ac10bf476476a9f7ef61ec6e44c280ef434473124ad31d3132b720f7b0e8d2a",
                "sha256:0e25c209c75df8785480dcef85db3d36c165dbc0f4c503168e8763eb735704f2",
                "sha256:171b9f70ceafcec5852089d0f9c1e75b0d554f46c882cd4e2e4acaba9bd7d148",
                "sha256:23f3a00b843a19de8bb4468b087db5b413a903213f67188729782488d67040e0",
                "sha256:2922e3031ba9ebbe7cb9200b585cc33b71d66023d78450dcb883f824f4969371",
                "sha256:31c71a615f38401b0dc1f2a5a9a6c421ffd8908c4cd5bbedc4014c1b876488e8",
                "sha256:473df5d5e400444a36ed81c6596f56a5b52a3481312d0a48d68b777790f730ae",
                "sha256:497841897942f734b0abc2dead2d4009795ee992267a70a23485fd0e937edc0b",
                "sha256:539e59949aab4955c143a468810123bf22d3e8556421e1ce2531ed4893914ca0",
                "sha256:540b3bee0711aac2e99bda4fa0a46dbcd8c74941666bfc1ef9236b1a64eeffd9",
                "sha256:57ead89128dee9609119c93d3926c7a2add451453063147900408a50144598c6",
                "sha256:5c4276fdcbccdf1e3c1756c7aeb8395e9a36874fa4d30860e7694f43d325ae13",
                "sha256:5da187bebe38030325e1c0b5b8a804d489410be2d384c0ef3ba39493c67eb51e",
                "sha256:5e545a48f919e40079b0efe7b0e081c74b96f9ef25b9c1ff4cdbd95764426b58",
                "sha256:603b9f1b8e93e8b494d3e89320c410679e21018e48b6cbc77280f5db71f17dc0",
                "sha256:695a6bcaf9e12b1e471dfce96bbecf22a1487adc2ac6106b15960a2b51b97f5d",
                "sha256:715294cd2246b39a8edca464a8366eb635f17213e4a6b9e74e52d8b877a8cb63",
                "sha256:7ebaa8800c376bcdae596fb1372cb4232a5ef957619d35839520d2786f2debb9",
                "sha256:856c7fb31d247ce713d60116375e1f8153d0291ab5e92cca7d8833a524ba9991",
                "sha256:8c6e25e9cc4961bb2abb1777c6fa9d0fa2d9b014beb3276cebe69996ff162b78",
                "sha256:9207fdedc7e789a3dcaca628176b80c82fbed9ae0997210738cbb12536a56699",
                "sha256:93f5fed1c9445fb7afe20450cdaf94b0e0356d47cc75008105be89c6a2e417b1",
                "sha256:9ce5e5209f8406ffc2b058b1293cce7a954911bb7991e623564d489197c9ba30",
                "sha256:a0674f246ad5e1571ef29d4c5ec1d6ecabe9e6c424ad0d6fee46b914d5d24d69",
                "sha256:b2f9172e4d6358f33ecce6a4339b5960f9f83eab67ea244baa812737793826b7",
                "sha256:b8a8a31b9e8860634adbca30fea1d0c7f08e208b3d7611f3e580e5f20992e5d7",
                "sha256:b8d8497091c1dc8705d1575c71e908a93b1f127a174b2d472020f3d84263ac28",
                "sha256:c111ac9abdf715762e4fb87395e59d61c0fbb6ce79eb2e24167700b6cfa8ba79",
                "sha256:c4b78356074fcaac04ecb4de289f11d506e438859877670992ece11f9c90f37b",
                "sha256:c541b2b49c6638f2b5beb9316726db84a8d1c132bf31b942dae1f9c7f6ad3b92",
                "sha256:c8435959321cf8aec867bbad54b83b7fb8343204b530d85d9ea7a1f5329d5ac2",
                "sha256:ccb77faeaad99e99c6c444d04862c6cf604204fe0a07d4c8f9cbf2c9012d7d5a",
                "sha256:e272ed97d20b026f4f25a012b25d7d7672a60e4f72b9ca385239d693cd91b2d5",
                "sha256:e57acb89bd55943c8d8bf813763d20b9099cc7165c0f16b707631a7654be9cad",
                "sha256:e93acd1f603a0c1786e0841f066ae7cef014cf4750e3cd06fd03cfdf46361419"
            ],
            "version": "==0.29.21"
        },
        "decorator": {
            "hashes": [
                "sha256:41fa54c2a0cc4ba648be4fd43cff00aedf5b9465c9bf18d64325bc225f08f760",
                "sha256:e3a62f0520172440ca0dcc823749319382e377f37f140a0b99ef45fecb84bfe7"
            ],
            "version": "==4.4.2"
        },
        "empyrical": {
            "hashes": [
                "sha256:84320f36931496774e948d7ca9f03494ae2dd94451b320eeda378639e5eba950"
            ],
            "version": "==0.5.5"
        },
        "idna": {
            "hashes": [
                "sha256:b307872f855b18632ce0c21c5e45be78c0ea7ae4c15c828c20788b26921eb3f6",
                "sha256:b97d804b1e9b523befed77c48dacec60e6dcb0b5391d57af6a65a312a90648c0"
            ],
            "version": "==2.10"
        },
        "intervaltree": {
            "hashes": [
                "sha256:902b1b88936918f9b2a19e0e5eb7ccb430ae45cde4f39ea4b36932920d33952d"
            ],
            "version": "==3.1.0"
        },
        "logbook": {
            "hashes": [
                "sha256:0cf2cdbfb65a03b5987d19109dacad13417809dcf697f66e1a7084fb21744ea9",
                "sha256:2dc85f1510533fddb481e97677bb7bca913560862734c0b3b289bfed04f78c92",
                "sha256:56ee54c11df3377314cedcd6507638f015b4b88c0238c2e01b5eb44fd3a6ad1b",
                "sha256:66f454ada0f56eae43066f604a222b09893f98c1adc18df169710761b8f32fe8",
                "sha256:7c533eb728b3d220b1b5414ba4635292d149d79f74f6973b4aa744c850ca944a",
                "sha256:8f76a2e7b1f72595f753228732f81ce342caf03babc3fed6bbdcf366f2f20f18",
                "sha256:94e2e11ff3c2304b0d09a36c6208e5ae756eb948b210e5cbd63cd8d27f911542",
                "sha256:97fee1bd9605f76335b169430ed65e15e457a844b2121bd1d90a08cf7e30aba0",
                "sha256:e18f7422214b1cf0240c56f884fd9c9b4ff9d0da2eabca9abccba56df7222f66"
            ],
            "version": "==1.5.3"
        },
        "lru-dict": {
            "hashes": [
                "sha256:365457660e3d05b76f1aba3e0f7fedbfcd6528e97c5115a351ddd0db488354cc"
            ],
            "version": "==1.1.6"
        },
        "lxml": {
            "hashes": [
                "sha256:0448576c148c129594d890265b1a83b9cd76fd1f0a6a04620753d9a6bcfd0a4d",
                "sha256:127f76864468d6630e1b453d3ffbbd04b024c674f55cf0a30dc2595137892d37",
                "sha256:1471cee35eba321827d7d53d104e7b8c593ea3ad376aa2df89533ce8e1b24a01",
                "sha256:2363c35637d2d9d6f26f60a208819e7eafc4305ce39dc1d5005eccc4593331c2",
                "sha256:2e5cc908fe43fe1aa299e58046ad66981131a66aea3129aac7770c37f590a644",
                "sha256:2e6fd1b8acd005bd71e6c94f30c055594bbd0aa02ef51a22bbfa961ab63b2d75",
                "sha256:366cb750140f221523fa062d641393092813b81e15d0e25d9f7c6025f910ee80",
                "sha256:42ebca24ba2a21065fb546f3e6bd0c58c3fe9ac298f3a320147029a4850f51a2",
                "sha256:4e751e77006da34643ab782e4a5cc21ea7b755551db202bc4d3a423b307db780",
                "sha256:4fb85c447e288df535b17ebdebf0ec1cf3a3f1a8eba7e79169f4f37af43c6b98",
                "sha256:50c348995b47b5a4e330362cf39fc503b4a43b14a91c34c83b955e1805c8e308",
                "sha256:535332fe9d00c3cd455bd3dd7d4bacab86e2d564bdf7606079160fa6251caacf",
                "sha256:535f067002b0fd1a4e5296a8f1bf88193080ff992a195e66964ef2a6cfec5388",
                "sha256:5be4a2e212bb6aa045e37f7d48e3e1e4b6fd259882ed5a00786f82e8c37ce77d",
                "sha256:60a20bfc3bd234d54d49c388950195d23a5583d4108e1a1d47c9eef8d8c042b3",
                "sha256:648914abafe67f11be7d93c1a546068f8eff3c5fa938e1f94509e4a5d682b2d8",
                "sha256:681d75e1a38a69f1e64ab82fe4b1ed3fd758717bed735fb9aeaa124143f051af",
                "sha256:68a5d77e440df94011214b7db907ec8f19e439507a70c958f750c18d88f995d2",
                "sha256:69a63f83e88138ab7642d8f61418cf3180a4d8cd13995df87725cb8b893e950e",
                "sha256:6e4183800f16f3679076dfa8abf2db3083919d7e30764a069fb66b2b9eff9939",
                "sha256:6fd8d5903c2e53f49e99359b063df27fdf7acb89a52b6a12494208bf61345a03",
                "sha256:791394449e98243839fa822a637177dd42a95f4883ad3dec2a0ce6ac99fb0a9d",
                "sha256:7a7669ff50f41225ca5d6ee0a1ec8413f3a0d8aa2b109f86d540887b7ec0d72a",
                "sha256:7e9eac1e526386df7c70ef253b792a0a12dd86d833b1d329e038c7a235dfceb5",
                "sha256:7ee8af0b9f7de635c61cdd5b8534b76c52cd03536f29f51151b377f76e214a1a",
                "sha256:8246f30ca34dc712ab07e51dc34fea883c00b7ccb0e614651e49da2c49a30711",
                "sha256:8c88b599e226994ad4db29d93bc149aa1aff3dc3a4355dd5757569ba78632bdf",
                "sha256:923963e989ffbceaa210ac37afc9b906acebe945d2723e9679b643513837b089",
                "sha256:94d55bd03d8671686e3f012577d9caa5421a07286dd351dfef64791cf7c6c505",
                "sha256:97db258793d193c7b62d4e2586c6ed98d51086e93f9a3af2b2034af01450a74b",
                "sha256:a9d6bc8642e2c67db33f1247a77c53476f3a166e09067c0474facb045756087f",
                "sha256:cd11c7e8d21af997ee8079037fff88f16fda188a9776eb4b81c7e4c9c0a7d7fc",
                "sha256:d8d3d4713f0c28bdc6c806a278d998546e8efc3498949e3ace6e117462ac0a5e",
                "sha256:e0bfe9bb028974a481410432dbe1b182e8191d5d40382e5b8ff39cdd2e5c5931",
                "sha256:f4822c0660c3754f1a41a655e37cb4dbbc9be3d35b125a37fab6f82d47674ebc",
                "sha256:f83d281bb2a6217cd806f4cf0ddded436790e66f393e124dfe9731f6b3fb9afe",
                "sha256:fc37870d6716b137e80d19241d0e2cff7a7643b925dfa49b4c8ebd1295eb506e"
            ],
            "index": "pypi",
            "version": "==4.6.2"
        },
        "mako": {
            "hashes": [
                "sha256:8195c8c1400ceb53496064314c6736719c6f25e7479cd24c77be3d9361cddc27",
                "sha256:93729a258e4ff0747c876bd9e20df1b9758028946e976324ccd2d68245c7b6a9"
            ],
            "version": "==1.1.3"
        },
        "markupsafe": {
            "hashes": [
                "sha256:00bc623926325b26bb9605ae9eae8a215691f33cae5df11ca5424f06f2d1f473",
                "sha256:09027a7803a62ca78792ad89403b1b7a73a01c8cb65909cd876f7fcebd79b161",
                "sha256:09c4b7f37d6c648cb13f9230d847adf22f8171b1ccc4d5682398e77f40309235",
                "sha256:1027c282dad077d0bae18be6794e6b6b8c91d58ed8a8d89a89d59693b9131db5",
                "sha256:13d3144e1e340870b25e7b10b98d779608c02016d5184cfb9927a9f10c689f42",
                "sha256:24982cc2533820871eba85ba648cd53d8623687ff11cbb805be4ff7b4c971aff",
                "sha256:29872e92839765e546828bb7754a68c418d927cd064fd4708fab9fe9c8bb116b",
                "sha256:43a55c2930bbc139570ac2452adf3d70cdbb3cfe5912c71cdce1c2c6bbd9c5d1",
                "sha256:46c99d2de99945ec5cb54f23c8cd5689f6d7177305ebff350a58ce5f8de1669e",
                "sha256:500d4957e52ddc3351cabf489e79c91c17f6e0899158447047588650b5e69183",
                "sha256:535f6fc4d397c1563d08b88e485c3496cf5784e927af890fb3c3aac7f933ec66",
                "sha256:596510de112c685489095da617b5bcbbac7dd6384aeebeda4df6025d0256a81b",
                "sha256:62fe6c95e3ec8a7fad637b7f3d372c15ec1caa01ab47926cfdf7a75b40e0eac1",
                "sha256:6788b695d50a51edb699cb55e35487e430fa21f1ed838122d722e0ff0ac5ba15",
                "sha256:6dd73240d2af64df90aa7c4e7481e23825ea70af4b4922f8ede5b9e35f78a3b1",
                "sha256:717ba8fe3ae9cc0006d7c451f0bb265ee07739daf76355d06366154ee68d221e",
                "sha256:79855e1c5b8da654cf486b830bd42c06e8780cea587384cf6545b7d9ac013a0b",
                "sha256:7c1699dfe0cf8ff607dbdcc1e9b9af1755371f92a68f706051cc8c37d447c905",
                "sha256:88e5fcfb52ee7b911e8bb6d6aa2fd21fbecc674eadd44118a9cc3863f938e735",
                "sha256:8defac2f2ccd6805ebf65f5eeb132adcf2ab57aa11fdf4c0dd5169a004710e7d",
                "sha256:98c7086708b163d425c67c7a91bad6e466bb99d797aa64f965e9d25c12111a5e",
                "sha256:9add70b36c5666a2ed02b43b335fe19002ee5235efd4b8a89bfcf9005bebac0d",
                "sha256:9bf40443012702a1d2070043cb6291650a0841ece432556f784f004937f0f32c",
                "sha256:ade5e387d2ad0d7ebf59146cc00c8044acbd863725f887353a10df825fc8ae21",
                "sha256:b00c1de48212e4cc9603895652c5c410df699856a2853135b3967591e4beebc2",
                "sha256:b1282f8c00509d99fef04d8ba936b156d419be841854fe901d8ae224c59f0be5",
                "sha256:b2051432115498d3562c084a49bba65d97cf251f5a331c64a12ee7e04dacc51b",
                "sha256:ba59edeaa2fc6114428f1637ffff42da1e311e29382d81b339c1817d37ec93c6",
                "sha256:c8716a48d94b06bb3b2524c2b77e055fb313aeb4ea620c8dd03a105574ba704f",
                "sha256:cd5df75523866410809ca100dc9681e301e3c27567cf498077e8551b6d20e42f",
                "sha256:cdb132fc825c38e1aeec2c8aa9338310d29d337bebbd7baa06889d09a60a1fa2",
                "sha256:e249096428b3ae81b08327a63a485ad0878de3fb939049038579ac0ef61e17e7",
                "sha256:e8313f01ba26fbbe36c7be1966a7b7424942f670f38e666995b88d012765b9be"
            ],
            "version": "==1.1.1"
        },
        "multipledispatch": {
            "hashes": [
                "sha256:407e6d8c5fa27075968ba07c4db3ef5f02bea4e871e959570eeb69ee39a6565b",
                "sha256:a55c512128fb3f7c2efd2533f2550accb93c35f1045242ef74645fc92a2c3cba",
                "sha256:a7ab1451fd0bf9b92cab3edbd7b205622fb767aeefb4fb536c2e3de9e0a38bea"
            ],
            "version": "==0.6.0"
        },
        "networkx": {
            "hashes": [
                "sha256:0d0e70e10dfb47601cbb3425a00e03e2a2e97477be6f80638fef91d54dd1e4b8",
                "sha256:1b229b54fe9ccb009cee4de02a88552191497a542a7d5d34adab216b9f15c1ff",
                "sha256:b3e0144d5fe6b7479b694e1b598a5545a38f3fc6f1e3c09173eb30f0c7a5770e"
            ],
            "version": "==1.11"
        },
        "numexpr": {
            "hashes": [
                "sha256:095279cf202522b5756ff7b1cca8be0a230e57da23ef3c2cb9abfcb8f1e259c6",
                "sha256:0aee955c97e497b94428cc9b35b6986b7b9b5fb786c8a063ef2a5187cd212eb2",
                "sha256:0f9fd10920221e8031ae57c6aa14bb364f34faa28c9a8fc1df3a9cbe602b5c91",
                "sha256:156a4e7ef49b5de4d45b42c9d5608b5be39ae14d076b7923d3c0f7ae4a80f025",
                "sha256:21a243e95878097c646df2f7818d316c1c1c08a89992f714b88d11da2bde2c7e",
                "sha256:27110cff9481bfe06a78302025d4ae87e4b144bce2e190f53d6162931a6dbc60",
                "sha256:2922e763bb713a357e5e45e1f6906000268c8973d6ab76123fa77d46549cec7e",
                "sha256:294d498199b6eb489b839f9bba4ccd8b996cbfc24ee1def285a2d67740cf7dd8",
                "sha256:29683a3a772788d2fa5f67cec3cbeddb5203fe85e37039228f29826507e542d3",
                "sha256:386b5c2096f2fa5a0942dce3e852b3bfb5fdfd3f3a22285b807b7c1ffdf79a35",
                "sha256:3b7c36878ad1628a885d2caa6efc503d5b781604faba21daf4fe001c71ca403d",
                "sha256:45d36054d358bfc8acad62703653d68e94ec99aa7bc12f4878fb47908f484a0b",
                "sha256:47d23421d69f1711eb59813a8061be4455412fb74fd4048e27438fd7d66944d8",
                "sha256:494ef0d9655f37b2e524f31bd4171f5e0da41566912a0baeac966759a5a56655",
                "sha256:4cf5082f3e4f256ba4033ba31d0b95cacc7619babd09d7b5fb56b3036c8923aa",
                "sha256:4daf474adb10e3ba245a0464881aad2e48ad40c99aba89bcf1d7c0aaa3da6fac",
                "sha256:4ec9cddec421d0116be14ee73e5413e85db1bee9ac7fca5ca1d32323c05bc23c",
                "sha256:56c639586f24ef4b175a86afe998d15093be9186c8035a5aa7154de912fd31ce",
                "sha256:593c1f23ffaef856ce9277e239b446b50ea2587b4fd8d88134c5186bf4021df1",
                "sha256:619837299e191eb4a6cc9f1988ea9d0a2f953a805c7b2568377cb118e5c04907",
                "sha256:66d182125b125bd789b708ce01b2491c651085cc00661c6fffd13f8fdf38bb12",
                "sha256:6ccfb0a13010ce19906ecdfd7b3c23f38db73137617741a3fdda0698bee4f0f3",
                "sha256:6fc5a923acaeddeda49e718d2af312e2898198c11af2476db48d2af9c00c2a8d",
                "sha256:79f532a690fc7f54bd26bc6d7b33206fd8d7257ad693f9a92364f743b43964f0",
                "sha256:7a16b790521506e8cf12105c3d19391062ef877146782b24417a474c38380f14",
                "sha256:88970ead3f79616a2e3f7cb0f1801c293c24ee6a0c0732ec0616ef0149118a05",
                "sha256:88ef62c71d79cdd09a21a8176ed541a413b1a7f3743f300bfc4df2cf8448e205",
                "sha256:89eae663586c8ff16db19bd0b72e673ea82073ec1cb6b3e40c7fb69291d481b8",
                "sha256:935fe2b7a8150aef37618a43a56d64ac96c0df6935a7038bac88fb0deb162f7f",
                "sha256:9590903d74f60e3f80ed5f8c31e5267c2188470958850c091c9569b2179140fc",
                "sha256:9d493ceec622bab962366fa195b6f05ad7ee5ec04e28c744ae11d0c61215de85",
                "sha256:a39fc0a62ad017405248f479c12abd11e4e1d3fea94a9a65fac5b3e1ece0ada2",
                "sha256:aeede70880d7349844ffe6f0891986d092722a654b29063e37cf0442741e762c",
                "sha256:b25f713dea79794bb2f4c94448282cfb66e632988003c4e32845ebffb2a15ce2",
                "sha256:b5cfc13541e426f392591a0474ce158cf9bff520b841a17fa49472722e9ed6ac",
                "sha256:b77f8e46afc22abe4c26e212c0be8053bc24ff03cea8b2ee5b8b9fcd8134c30e",
                "sha256:c51f48984e35bdf3d2e33b67ad459baa6e498b9d3bf7ba16ae83141f8b715885",
                "sha256:cd5e3de775dcc3d2bb6d116a4a651bc5b82e841682b5f89ed989096561ff98d2",
                "sha256:d42d9cfbdf3fb0a8fb237e94d42ede4421c826fc82b0f6c9b011c271b95bd8c8",
                "sha256:de15513cff3f625e25e5808923ac7e7950e63da496bba83a908bbe548661d465",
                "sha256:e370623d22d4ebd59eca6611fddf6b760a337c57799e60ee7f7f779418547adc",
                "sha256:eaa8b283aa787cd6ad3c2461468c90cfc83c2fc2852abfaf271ef5d0bd513597",
                "sha256:f2292e189edb16ccc600834bca9b5fcd05f64e6fa1bb3138903342080a02ab4d",
                "sha256:f55c06d0cc9407932fc91e1cbb9458a9fbe4e5d79e9f18cd1ae8802fe52b0c1b",
                "sha256:f7c8b7d134ca2762d4443addb12913d245f297ec4619ebdd9b16f51b115597e3",
                "sha256:fbc3914a23e27b79cf32b93f637e4bfc389dd64e76aec5f89ede71272ebc51ff",
                "sha256:ff91b9a0aa989b623250fe3e5be3f8333d930afc6344bfa76f037b56508fb78d"
            ],
            "version": "==2.7.2"
        },
        "numpy": {
            "hashes": [
                "sha256:0172304e7d8d40e9e49553901903dc5f5a49a703363ed756796f5808a06fc233",
                "sha256:34e96e9dae65c4839bd80012023aadd6ee2ccb73ce7fdf3074c62f301e63120b",
                "sha256:3676abe3d621fc467c4c1469ee11e395c82b2d6b5463a9454e37fe9da07cd0d7",
                "sha256:3dd6823d3e04b5f223e3e265b4a1eae15f104f4366edd409e5a5e413a98f911f",
                "sha256:4064f53d4cce69e9ac613256dc2162e56f20a4e2d2086b1956dd2fcf77b7fac5",
                "sha256:4674f7d27a6c1c52a4d1aa5f0881f1eff840d2206989bae6acb1c7668c02ebfb",
                "sha256:7d42ab8cedd175b5ebcb39b5208b25ba104842489ed59fbb29356f671ac93583",
                "sha256:965df25449305092b23d5145b9bdaeb0149b6e41a77a7d728b1644b3c99277c1",
                "sha256:9c9d6531bc1886454f44aa8f809268bc481295cf9740827254f53c30104f074a",
                "sha256:a78e438db8ec26d5d9d0e584b27ef25c7afa5a182d1bf4d05e313d2d6d515271",
                "sha256:a7acefddf994af1aeba05bbbafe4ba983a187079f125146dc5859e6d817df824",
                "sha256:a87f59508c2b7ceb8631c20630118cc546f1f815e034193dc72390db038a5cb3",
                "sha256:ac792b385d81151bae2a5a8adb2b88261ceb4976dbfaaad9ce3a200e036753dc",
                "sha256:b03b2c0badeb606d1232e5f78852c102c0a7989d3a534b3129e7856a52f3d161",
                "sha256:b39321f1a74d1f9183bf1638a745b4fd6fe80efbb1f6b32b932a588b4bc7695f",
                "sha256:cae14a01a159b1ed91a324722d746523ec757357260c6804d11d6147a9e53e3f",
                "sha256:cd49930af1d1e49a812d987c2620ee63965b619257bd76eaaa95870ca08837cf",
                "sha256:e15b382603c58f24265c9c931c9a45eebf44fe2e6b4eaedbb0d025ab3255228b",
                "sha256:e91d31b34fc7c2c8f756b4e902f901f856ae53a93399368d9a0dc7be17ed2ca0",
                "sha256:ef627986941b5edd1ed74ba89ca43196ed197f1a206a3f18cc9faf2fb84fd675",
                "sha256:f718a7949d1c4f622ff548c572e0c03440b49b9531ff00e4ed5738b459f011e8"
            ],
            "version": "==1.18.5"
        },
        "pandas": {
            "hashes": [
                "sha256:02541a4fdd31315f213a5c8e18708abad719ee03eda05f603c4fe973e9b9d770",
                "sha256:052a66f58783a59ea38fdfee25de083b107baa81fdbe38fabd169d0f9efce2bf",
                "sha256:06efae5c00b9f4c6e6d3fe1eb52e590ff0ea8e5cb58032c724e04d31c540de53",
                "sha256:12f2a19d0b0adf31170d98d0e8bcbc59add0965a9b0c65d39e0665400491c0c5",
                "sha256:244ae0b9e998cfa88452a49b20e29bf582cc7c0e69093876d505aec4f8e1c7fe",
                "sha256:2907f3fe91ca2119ac3c38de6891bbbc83333bfe0d98309768fee28de563ee7a",
                "sha256:44a94091dd71f05922eec661638ec1a35f26d573c119aa2fad964f10a2880e6c",
                "sha256:587a9816cc663c958fcff7907c553b73fe196604f990bc98e1b71ebf07e45b44",
                "sha256:66403162c8b45325a995493bdd78ad4d8be085e527d721dbfa773d56fbba9c88",
                "sha256:68ac484e857dcbbd07ea7c6f516cc67f7f143f5313d9bc661470e7f473528882",
                "sha256:68b121d13177f5128a4c118bb4f73ba40df28292c038389961aa55ea5a996427",
                "sha256:97c8223d42d43d86ca359a57b4702ca0529c6553e83d736e93a5699951f0f8db",
                "sha256:af0dbac881f6f87acd325415adea0ce8cccf28f5d4ad7a54b6a1e176e2f7bf70",
                "sha256:c2cd884794924687edbaad40d18ac984054d247bb877890932c4d41e3c3aba31",
                "sha256:c372db80a5bcb143c9cb254d50f902772c3b093a4f965275197ec2d2184b1e61"
            ],
            "version": "==0.22.0"
        },
        "pandas-datareader": {
            "hashes": [
                "sha256:7001a7cdeee1153e15881701bf03a3bd68931bec806e252eb6babe0ae042ec60",
                "sha256:b8766b166c84b5e103e1ac57677e8c48084b66c4e477c1d0d437ec4b759c7a92"
            ],
            "version": "==0.8.1"
        },
        "patsy": {
            "hashes": [
                "sha256:5465be1c0e670c3a965355ec09e9a502bf2c4cbe4875e8528b0221190a8a5d40",
                "sha256:f115cec4201e1465cd58b9866b0b0e7b941caafec129869057405bfe5b5e3991"
            ],
            "version": "==0.5.1"
        },
        "python-dateutil": {
            "hashes": [
                "sha256:73ebfe9dbf22e832286dafa60473e4cd239f8592f699aa5adaf10050e6e1823c",
                "sha256:75bb3f31ea686f1197762692a9ee6a7550b59fc6ca3a1f4b5d7e32fb98e2da2a"
            ],
            "version": "==2.8.1"
        },
        "python-editor": {
            "hashes": [
                "sha256:1bf6e860a8ad52a14c3ee1252d5dc25b2030618ed80c022598f00176adc8367d",
                "sha256:51fda6bcc5ddbbb7063b2af7509e43bd84bfc32a4ff71349ec7847713882327b",
                "sha256:5f98b069316ea1c2ed3f67e7f5df6c0d8f10b689964a4a811ff64f0106819ec8"
            ],
            "version": "==1.0.4"
        },
        "pytz": {
            "hashes": [
                "sha256:16962c5fb8db4a8f63a26646d8886e9d769b6c511543557bc84e9569fb9a9cb4",
                "sha256:180befebb1927b16f6b57101720075a984c019ac16b1b7575673bea42c6c3da5"
            ],
            "version": "==2020.5"
        },
        "requests": {
            "hashes": [
                "sha256:27973dd4a904a4f13b263a19c866c13b92a39ed1c964655f025f3f8d3d75b804",
                "sha256:c210084e36a42ae6b9219e00e48287def368a26d03a048ddad7bfee44f75871e"
            ],
            "version": "==2.25.1"
        },
        "requests-file": {
            "hashes": [
                "sha256:07d74208d3389d01c38ab89ef403af0cfec63957d53a0081d8eca738d0247d8e",
                "sha256:dfe5dae75c12481f68ba353183c53a65e6044c923e64c24b2209f6c7570ca953"
            ],
            "version": "==1.5.1"
        },
        "scipy": {
            "hashes": [
                "sha256:00af72998a46c25bdb5824d2b729e7dabec0c765f9deb0b504f928591f5ff9d4",
                "sha256:0902a620a381f101e184a958459b36d3ee50f5effd186db76e131cbefcbb96f7",
                "sha256:1e3190466d669d658233e8a583b854f6386dd62d655539b77b3fa25bfb2abb70",
                "sha256:2cce3f9847a1a51019e8c5b47620da93950e58ebc611f13e0d11f4980ca5fecb",
                "sha256:3092857f36b690a321a662fe5496cb816a7f4eecd875e1d36793d92d3f884073",
                "sha256:386086e2972ed2db17cebf88610aab7d7f6e2c0ca30042dc9a89cf18dcc363fa",
                "sha256:71eb180f22c49066f25d6df16f8709f215723317cc951d99e54dc88020ea57be",
                "sha256:770254a280d741dd3436919d47e35712fb081a6ff8bafc0f319382b954b77802",
                "sha256:787cc50cab3020a865640aba3485e9fbd161d4d3b0d03a967df1a2881320512d",
                "sha256:8a07760d5c7f3a92e440ad3aedcc98891e915ce857664282ae3c0220f3301eb6",
                "sha256:8d3bc3993b8e4be7eade6dcc6fd59a412d96d3a33fa42b0fa45dc9e24495ede9",
                "sha256:9508a7c628a165c2c835f2497837bf6ac80eb25291055f56c129df3c943cbaf8",
                "sha256:a144811318853a23d32a07bc7fd5561ff0cac5da643d96ed94a4ffe967d89672",
                "sha256:a1aae70d52d0b074d8121333bc807a485f9f1e6a69742010b33780df2e60cfe0",
                "sha256:a2d6df9eb074af7f08866598e4ef068a2b310d98f87dc23bd1b90ec7bdcec802",
                "sha256:bb517872058a1f087c4528e7429b4a44533a902644987e7b2fe35ecc223bc408",
                "sha256:c5cac0c0387272ee0e789e94a570ac51deb01c796b37fb2aad1fb13f85e2f97d",
                "sha256:cc971a82ea1170e677443108703a2ec9ff0f70752258d0e9f5433d00dda01f59",
                "sha256:dba8306f6da99e37ea08c08fef6e274b5bf8567bb094d1dbe86a20e532aca088",
                "sha256:dc60bb302f48acf6da8ca4444cfa17d52c63c5415302a9ee77b3b21618090521",
                "sha256:dee1bbf3a6c8f73b6b218cb28eed8dd13347ea2f87d572ce19b289d6fd3fbc59"
            ],
            "version": "==1.4.1"
        },
        "six": {
            "hashes": [
                "sha256:30639c035cdb23534cd4aa2dd52c3bf48f06e5f4a941509c8bafd8ce11080259",
                "sha256:8b74bedcbbbaca38ff6d7491d76f2b06b3592611af620f8426e82dddb04a5ced"
            ],
            "version": "==1.15.0"
        },
        "sortedcontainers": {
            "hashes": [
                "sha256:37257a32add0a3ee490bb170b599e93095eed89a55da91fa9f48753ea12fd73f",
                "sha256:59cc937650cf60d677c16775597c89a960658a09cf7c1a668f86e1e4464b10a1"
            ],
            "version": "==2.3.0"
        },
        "sqlalchemy": {
            "hashes": [
                "sha256:04f995fcbf54e46cddeb4f75ce9dfc17075d6ae04ac23b2bacb44b3bc6f6bf11",
                "sha256:0c6406a78a714a540d980a680b86654feadb81c8d0eecb59f3d6c554a4c69f19",
                "sha256:0c72b90988be749e04eff0342dcc98c18a14461eb4b2ad59d611b57b31120f90",
                "sha256:108580808803c7732f34798eb4a329d45b04c562ed83ee90f09f6a184a42b766",
                "sha256:1418f5e71d6081aa1095a1d6b567a562d2761996710bdce9b6e6ba20a03d0864",
                "sha256:17610d573e698bf395afbbff946544fbce7c5f4ee77b5bcb1f821b36345fae7a",
                "sha256:216ba5b4299c95ed179b58f298bda885a476b16288ab7243e89f29f6aeced7e0",
                "sha256:2ff132a379838b1abf83c065be54cef32b47c987aedd06b82fc76476c85225eb",
                "sha256:314f5042c0b047438e19401d5f29757a511cfc2f0c40d28047ca0e4c95eabb5b",
                "sha256:318b5b727e00662e5fc4b4cd2bf58a5116d7c1b4dd56ffaa7d68f43458a8d1ed",
                "sha256:3ab5b44a07b8c562c6dcb7433c6a6c6e03266d19d64f87b3333eda34e3b9936b",
                "sha256:426ece890153ccc52cc5151a1a0ed540a5a7825414139bb4c95a868d8da54a52",
                "sha256:491fe48adc07d13e020a8b07ef82eefc227003a046809c121bea81d3dbf1832d",
                "sha256:4a84c7c7658dd22a33dab2e2aa2d17c18cb004a42388246f2e87cb4085ef2811",
                "sha256:54da615e5b92c339e339fe8536cce99fe823b6ed505d4ea344852aefa1c205fb",
                "sha256:5a7f224cdb7233182cec2a45d4c633951268d6a9bcedac37abbf79dd07012aea",
                "sha256:61628715931f4962e0cdb2a7c87ff39eea320d2aa96bd471a3c293d146f90394",
                "sha256:62285607a5264d1f91590abd874d6a498e229d5840669bd7d9f654cfaa599bd0",
                "sha256:62fb881ba51dbacba9af9b779211cf9acff3442d4f2993142015b22b3cd1f92a",
                "sha256:68428818cf80c60dc04aa0f38da20ad39b28aba4d4d199f949e7d6e04444ea86",
                "sha256:6aaa13ee40c4552d5f3a59f543f0db6e31712cc4009ec7385407be4627259d41",
                "sha256:70121f0ae48b25ef3e56e477b88cd0b0af0e1f3a53b5554071aa6a93ef378a03",
                "sha256:715b34578cc740b743361f7c3e5f584b04b0f1344f45afc4e87fbac4802eb0a0",
                "sha256:758fc8c4d6c0336e617f9f6919f9daea3ab6bb9b07005eda9a1a682e24a6cacc",
                "sha256:7d4b8de6bb0bc736161cb0bbd95366b11b3eb24dd6b814a143d8375e75af9990",
                "sha256:81d8d099a49f83111cce55ec03cc87eef45eec0d90f9842b4fc674f860b857b0",
                "sha256:888d5b4b5aeed0d3449de93ea80173653e939e916cc95fe8527079e50235c1d2",
                "sha256:95bde07d19c146d608bccb9b16e144ec8f139bcfe7fd72331858698a71c9b4f5",
                "sha256:9bf572e4f5aa23f88dd902f10bb103cb5979022a38eec684bfa6d61851173fec",
                "sha256:bab5a1e15b9466a25c96cda19139f3beb3e669794373b9ce28c4cf158c6e841d",
                "sha256:bd4b1af45fd322dcd1fb2a9195b4f93f570d1a5902a842e3e6051385fac88f9c",
                "sha256:bde677047305fe76c7ee3e4492b545e0018918e44141cc154fe39e124e433991",
                "sha256:c389d7cc2b821853fb018c85457da3e7941db64f4387720a329bc7ff06a27963",
                "sha256:d055ff750fcab69ca4e57b656d9c6ad33682e9b8d564f2fbe667ab95c63591b0",
                "sha256:d53f59744b01f1440a1b0973ed2c3a7de204135c593299ee997828aad5191693",
                "sha256:f115150cc4361dd46153302a640c7fa1804ac207f9cc356228248e351a8b4676",
                "sha256:f1e88b30da8163215eab643962ae9d9252e47b4ea53404f2c4f10f24e70ddc62",
                "sha256:f8191fef303025879e6c3548ecd8a95aafc0728c764ab72ec51a0bdf0c91a341"
            ],
            "version": "==1.3.22"
        },
        "statsmodels": {
            "hashes": [
                "sha256:02e95c567ac77834210ecbe96a64eb939fc42669f95d583ac6184b00830db743",
                "sha256:1e3ae5671cae0da8f94ce5e9331fc9880fe6210ffd5750ac961f84203d262763",
                "sha256:434240abd14f4998ec6350473cd105e9977e930635ecf7e352d641d729dbc2a2",
                "sha256:47e0f27fe515fae06240a1f1dbcdce8b93417ea294b4965335f538627f711b10",
                "sha256:49aa8ffbe0b0e2e86afa58dec6bd5c483898e9b8223d8a7d13b69b5ad144b674",
                "sha256:59403da80bdba84713d93f36897fba4fd3b2964a1b983816ed488a405abc18b1",
                "sha256:5bde3fa0a35a91b45dba7cbc28270b5b649ff1d721c89290883f6e831672d5f0",
                "sha256:5e7afc596164c1c7464ba3943721a9668aa0ce07853ce9881ac49d3a043784dd",
                "sha256:621f2ec00ff8a4749cef3c9cc11c12ac2ee549ecf3ccfde626b3f1461165f0e6",
                "sha256:6243bc78bc805acee7690098fa749094895bb3c2dd0b7f7ac8d57f97fe2b1eb2",
                "sha256:6371267d051b555898611913afa4a46144e9d29a234ef32c2e36e558e88a8de9",
                "sha256:67e1a5d9fc6900209203cd446b2ed6822eb4b03581dea669c4fe97f512cfde36",
                "sha256:6e7e2cb74d8ae56cffc0581f3467cdcd16d8f7e97297974cefdf0d727020c287",
                "sha256:92536c3579a6c7fbdaeb1c026781a17d4760e4b76ca861eaae05b2a43309dca5",
                "sha256:9efd2e27c08077330cecdbfb589cf84d735abface94e9a6387282a6a7c91362d",
                "sha256:a4fcb03d2a5d0f37d0ecb38f6d9d10a3ab6f9e2e583c3be4d4615484d5d10e88",
                "sha256:b9b9cb6ced4f9b644cfd0b6a9d4a88e406c643dba4f2ad61e22d03ee48bc7731",
                "sha256:bce1e6b94ade985a8319621c9ea4f7e312ed8cfcb5d93ab0cb0013c58b98680c",
                "sha256:e728156ae279f05574ef9e840ec57f44c96c85ba14010169e9b4e1085d89642f",
                "sha256:f2ac0559d6ef824d5a47576f572de62b0f088ef4f912dd40298ee9ab20d3ef9b",
                "sha256:f5e4928e230332260cb55458953dbbae6a63356f91d3242c7ba2d17dc6c4bd7f"
            ],
            "version": "==0.11.1"
        },
        "tables": {
            "hashes": [
                "sha256:169450bd11959c0e1c43137e768cf8b60b2a4f3b2ebf9a620e21865dc0c2d059",
                "sha256:361da30289ecdcb39b7648c786d8185f9ab08879c0a58a3fc56dab026e122d8e",
                "sha256:4628e762a8aacfa038cdae118d2d1df9a9ddd9b4a82d6993f4bcbfa7744a9f8a",
                "sha256:49a972b8a7c27a8a173aeb05f67acb45fe608b64cd8e9fa667c0962a60b71b49",
                "sha256:6055dd1d3ec03fd25c60bb93a4be396464f0640fd5845884230dae1deb7e6cc6",
                "sha256:6e13a3eaf86f9eba582a04b44929ee1585a05dd539d207a10a22374b7e4552ca",
                "sha256:7acbf0e2fb7132a40f441ebb53b53c97cee05fb88ce743afdd97c681d1d377d7",
                "sha256:8c96c5d4a9ebe34b72b918b3189954e2d5b6f87cb211d4244b7c001661d8a861",
                "sha256:8ea87231788cfd5773ffbe33f149f778f9ef4ab681149dec00cb88e1681bd299",
                "sha256:94d7ccac04277089e3bb466bf5c8f7038dd53bb8f19ea9679b7fea62c5c3ae8f",
                "sha256:950167d56b45ece117f79d839d5d55f0cb45bfca20290fa9dcd70255282f969e",
                "sha256:9d06c5fda6657698bae4fbe841204625b501ddf2e2a77131c23f3d3ac072db82",
                "sha256:acb3f905c63e437023071833744b3e5a83376dc457f413f0840d8d50dd5d402b",
                "sha256:bfdbcacffec122ce8d1b0dd6ffc3c6051bedd6081e20264fa96165d43fc78f52",
                "sha256:c0b97a7363941d9518573c217cb5bfe4b2b456748aac1e9420d3979f7d5e82d2",
                "sha256:d95faa1174653a738ac8183a95f050a29a3f69efac6e71f70cde8d717e31af17",
                "sha256:da9e1ee83c01ed4d1382c7b186d77b4c0ef80b340a48d11a66346e30342c5929",
                "sha256:db163df08ded7804d596dee14d88397f6c55cdf4671b3992cb885c0b3890a54d",
                "sha256:dedb959c00ac9e84562a69e80fa858d7aa06d91f96c6cb8cccbbbaf7a879436b",
                "sha256:ea4b41ed95953ad588bcd6e557577414e50754011430c27934daf5dbd2d52251",
                "sha256:eed1e030bb077476d585697e37f2b8e37db4157ff93b485b43f374254cff8698",
                "sha256:f1327aeef8b6c0fec5aae9f5f5a57b2d8ec98c08495fd09471b749ea46de9eb0",
                "sha256:f9c88511483c8fd39e7841fc60bc7038c96eeb87fe776092439172e1e6330f49",
                "sha256:fd63c94960f8208cb13d41033a3114c0242e7737cb578f2454c6a087c5d246ec"
            ],
            "version": "==3.6.1"
        },
        "toolz": {
            "hashes": [
                "sha256:1bc473acbf1a1db4e72a1ce587be347450e8f08324908b8a266b486f408f04d5",
                "sha256:c7a47921f07822fe534fb1c01c9931ab335a4390c782bd28c6bcc7c2f71f3fbf"
            ],
            "version": "==0.11.1"
        },
        "trading-calendars": {
            "hashes": [
                "sha256:639357b802942986e14c0e1fdc47b0ff145f31ce7e7754a11f6a329f36705fc4"
            ],
            "version": "==2.1.1"
        },
        "urllib3": {
            "hashes": [
                "sha256:19188f96923873c92ccb987120ec4acaa12f0461fa9ce5d3d0772bc965a39e08",
                "sha256:d8ff90d979214d7b4f8ce956e80f4028fc6860e4431f731ea4a8c08f23f99473"
            ],
            "version": "==1.26.2"
        },
        "zipline": {
            "hashes": [
                "sha256:19b6607845d8d9dfa51c5679c65a143a04172f76fff70a58f9a835a69a25fbf9"
            ],
            "index": "pypi",
            "version": "==1.3.0"
        }
    },
    "develop": {
        "astroid": {
            "hashes": [
                "sha256:2f4078c2a41bf377eea06d71c9d2ba4eb8f6b1af2135bec27bbbb7d8f12bb703",
                "sha256:bc58d83eb610252fd8de6363e39d4f1d0619c894b0ed24603b881c02e64c7386"
            ],
            "version": "==2.4.2"
        },
        "autopep8": {
            "hashes": [
                "sha256:33d2b5325b7e1afb4240814fe982eea3a92ebea712869bfd08b3c0393404248c"
            ],
            "index": "pypi",
            "version": "==1.4.3"
        },
        "isort": {
            "hashes": [
                "sha256:54da7e92468955c4fceacd0c86bd0ec997b0e1ee80d97f67c35a78b719dccab1",
                "sha256:6e811fcb295968434526407adb8796944f1988c5b65e8139058f2014cbe100fd"
            ],
            "version": "==4.3.21"
        },
        "lazy-object-proxy": {
            "hashes": [
                "sha256:0c4b206227a8097f05c4dbdd323c50edf81f15db3b8dc064d08c62d37e1a504d",
                "sha256:194d092e6f246b906e8f70884e620e459fc54db3259e60cf69a4d66c3fda3449",
                "sha256:1be7e4c9f96948003609aa6c974ae59830a6baecc5376c25c92d7d697e684c08",
                "sha256:4677f594e474c91da97f489fea5b7daa17b5517190899cf213697e48d3902f5a",
                "sha256:48dab84ebd4831077b150572aec802f303117c8cc5c871e182447281ebf3ac50",
                "sha256:5541cada25cd173702dbd99f8e22434105456314462326f06dba3e180f203dfd",
                "sha256:59f79fef100b09564bc2df42ea2d8d21a64fdcda64979c0fa3db7bdaabaf6239",
                "sha256:8d859b89baf8ef7f8bc6b00aa20316483d67f0b1cbf422f5b4dc56701c8f2ffb",
                "sha256:9254f4358b9b541e3441b007a0ea0764b9d056afdeafc1a5569eee1cc6c1b9ea",
                "sha256:9651375199045a358eb6741df3e02a651e0330be090b3bc79f6d0de31a80ec3e",
                "sha256:97bb5884f6f1cdce0099f86b907aa41c970c3c672ac8b9c8352789e103cf3156",
                "sha256:9b15f3f4c0f35727d3a0fba4b770b3c4ebbb1fa907dbcc046a1d2799f3edd142",
                "sha256:a2238e9d1bb71a56cd710611a1614d1194dc10a175c1e08d75e1a7bcc250d442",
                "sha256:a6ae12d08c0bf9909ce12385803a543bfe99b95fe01e752536a60af2b7797c62",
                "sha256:ca0a928a3ddbc5725be2dd1cf895ec0a254798915fb3a36af0964a0a4149e3db",
                "sha256:cb2c7c57005a6804ab66f106ceb8482da55f5314b7fcb06551db1edae4ad1531",
                "sha256:d74bb8693bf9cf75ac3b47a54d716bbb1a92648d5f781fc799347cfc95952383",
                "sha256:d945239a5639b3ff35b70a88c5f2f491913eb94871780ebfabb2568bd58afc5a",
                "sha256:eba7011090323c1dadf18b3b689845fd96a61ba0a1dfbd7f24b921398affc357",
                "sha256:efa1909120ce98bbb3777e8b6f92237f5d5c8ea6758efea36a473e1d38f7d3e4",
                "sha256:f3900e8a5de27447acbf900b4750b0ddfd7ec1ea7fbaf11dfa911141bc522af0"
            ],
            "version": "==1.4.3"
        },
        "mccabe": {
            "hashes": [
                "sha256:ab8a6258860da4b6677da4bd2fe5dc2c659cff31b3ee4f7f5d64e79735b80d42",
                "sha256:dd8d182285a0fe56bace7f45b5e7d1a6ebcbf524e8f3bd87eb0f125271b8831f"
            ],
            "version": "==0.6.1"
        },
        "pycodestyle": {
            "hashes": [
                "sha256:2295e7b2f6b5bd100585ebcb1f616591b652db8a741695b3d8f5d28bdc934367",
                "sha256:c58a7d2815e0e8d7972bf1803331fb0152f867bd89adf8a01dfd55085434192e"
            ],
            "version": "==2.6.0"
        },
        "pylint": {
            "hashes": [
                "sha256:689de29ae747642ab230c6d37be2b969bf75663176658851f456619aacf27492",
                "sha256:771467c434d0d9f081741fec1d64dfb011ed26e65e12a28fe06ca2f61c4d556c"
            ],
            "index": "pypi",
            "version": "==2.2.2"
        },
        "six": {
            "hashes": [
                "sha256:30639c035cdb23534cd4aa2dd52c3bf48f06e5f4a941509c8bafd8ce11080259",
                "sha256:8b74bedcbbbaca38ff6d7491d76f2b06b3592611af620f8426e82dddb04a5ced"
            ],
            "version": "==1.15.0"
        },
        "typed-ast": {
            "hashes": [
                "sha256:07d49388d5bf7e863f7fa2f124b1b1d89d8aa0e2f7812faff0a5658c01c59aa1",
                "sha256:14bf1522cdee369e8f5581238edac09150c765ec1cb33615855889cf33dcb92d",
                "sha256:240296b27397e4e37874abb1df2a608a92df85cf3e2a04d0d4d61055c8305ba6",
                "sha256:36d829b31ab67d6fcb30e185ec996e1f72b892255a745d3a82138c97d21ed1cd",
                "sha256:37f48d46d733d57cc70fd5f30572d11ab8ed92da6e6b28e024e4a3edfb456e37",
                "sha256:4c790331247081ea7c632a76d5b2a265e6d325ecd3179d06e9cf8d46d90dd151",
                "sha256:5dcfc2e264bd8a1db8b11a892bd1647154ce03eeba94b461effe68790d8b8e07",
                "sha256:7147e2a76c75f0f64c4319886e7639e490fee87c9d25cb1d4faef1d8cf83a440",
                "sha256:7703620125e4fb79b64aa52427ec192822e9f45d37d4b6625ab37ef403e1df70",
                "sha256:8368f83e93c7156ccd40e49a783a6a6850ca25b556c0fa0240ed0f659d2fe496",
                "sha256:84aa6223d71012c68d577c83f4e7db50d11d6b1399a9c779046d75e24bed74ea",
                "sha256:85f95aa97a35bdb2f2f7d10ec5bbdac0aeb9dafdaf88e17492da0504de2e6400",
                "sha256:8db0e856712f79c45956da0c9a40ca4246abc3485ae0d7ecc86a20f5e4c09abc",
                "sha256:9044ef2df88d7f33692ae3f18d3be63dec69c4fb1b5a4a9ac950f9b4ba571606",
                "sha256:963c80b583b0661918718b095e02303d8078950b26cc00b5e5ea9ababe0de1fc",
                "sha256:987f15737aba2ab5f3928c617ccf1ce412e2e321c77ab16ca5a293e7bbffd581",
                "sha256:9ec45db0c766f196ae629e509f059ff05fc3148f9ffd28f3cfe75d4afb485412",
                "sha256:9fc0b3cb5d1720e7141d103cf4819aea239f7d136acf9ee4a69b047b7986175a",
                "sha256:a2c927c49f2029291fbabd673d51a2180038f8cd5a5b2f290f78c4516be48be2",
                "sha256:a38878a223bdd37c9709d07cd357bb79f4c760b29210e14ad0fb395294583787",
                "sha256:b4fcdcfa302538f70929eb7b392f536a237cbe2ed9cba88e3bf5027b39f5f77f",
                "sha256:c0c74e5579af4b977c8b932f40a5464764b2f86681327410aa028a22d2f54937",
                "sha256:c1c876fd795b36126f773db9cbb393f19808edd2637e00fd6caba0e25f2c7b64",
                "sha256:c9aadc4924d4b5799112837b226160428524a9a45f830e0d0f184b19e4090487",
                "sha256:cc7b98bf58167b7f2db91a4327da24fb93368838eb84a44c472283778fc2446b",
                "sha256:cf54cfa843f297991b7388c281cb3855d911137223c6b6d2dd82a47ae5125a41",
                "sha256:d003156bb6a59cda9050e983441b7fa2487f7800d76bdc065566b7d728b4581a",
                "sha256:d175297e9533d8d37437abc14e8a83cbc68af93cc9c1c59c2c292ec59a0697a3",
                "sha256:d746a437cdbca200622385305aedd9aef68e8a645e385cc483bdc5e488f07166",
                "sha256:e683e409e5c45d5c9082dc1daf13f6374300806240719f95dc783d1fc942af10"
            ],
            "markers": "implementation_name == 'cpython' and python_version < '3.8'",
            "version": "==1.4.2"
        },
        "wrapt": {
            "hashes": [
                "sha256:b62ffa81fb85f4332a4f609cab4ac40709470da05643a082ec1eb88e6d9b97d7"
            ],
            "version": "==1.12.1"
        }
    }
}
